
Microsoft Visual Studio Solution File, Format Version 12.00
# Visual Studio Version 17
VisualStudioVersion = 17.11.35327.3
MinimumVisualStudioVersion = 10.0.40219.1
Project("{FAE04EC0-301F-11D3-BF4B-00C04F79EFBC}") = "Tourist Attraction", "Tourist Attraction\Tourist Attraction.csproj", "{4ACA13C3-4610-435A-B482-F2A325BD139E}"
EndProject
Global
	GlobalSection(SolutionConfigurationPlatforms) = preSolution
		Debug|Any CPU = Debug|Any CPU
		Release|Any CPU = Release|Any CPU
	EndGlobalSection
	GlobalSection(ProjectConfigurationPlatforms) = postSolution
		{4ACA13C3-4610-435A-B482-F2A325BD139E}.Debug|Any CPU.ActiveCfg = Debug|Any CPU
		{4ACA13C3-4610-435A-B482-F2A325BD139E}.Debug|Any CPU.Build.0 = Debug|Any CPU
		{4ACA13C3-4610-435A-B482-F2A325BD139E}.Release|Any CPU.ActiveCfg = Release|Any CPU
		{4ACA13C3-4610-435A-B482-F2A325BD139E}.Release|Any CPU.Build.0 = Release|Any CPU
	EndGlobalSection
	GlobalSection(SolutionProperties) = preSolution
		HideSolutionNode = FALSE
	EndGlobalSection
	GlobalSection(ExtensibilityGlobals) = postSolution
		SolutionGuid = {608823B0-BB83-40FD-B459-85369A46DE34}
	EndGlobalSection
EndGlobal
